
Microsoft Visual Studio Solution File, Format Version 12.00
# Visual Studio Version 17
VisualStudioVersion = 17.0.31903.59
MinimumVisualStudioVersion = 10.0.40219.1
Project("{2150E333-8FDC-42A3-9474-1A3956D46DE8}") = "src", "src", "{3FA65CF0-8DB8-4B24-B466-944467043364}"
EndProject
Project("{2150E333-8FDC-42A3-9474-1A3956D46DE8}") = "adapters", "adapters", "{A3DB1640-A240-4A8C-BD3C-331818CE3D1A}"
EndProject
Project("{2150E333-8FDC-42A3-9474-1A3956D46DE8}") = "core", "core", "{61DF5222-C4DD-4B19-B0BC-0CFC46D6A08B}"
EndProject
Project("{2150E333-8FDC-42A3-9474-1A3956D46DE8}") = "tests", "tests", "{0654A2F4-73B5-49BA-BDBF-46E0546BE9C1}"
EndProject
Project("{2150E333-8FDC-42A3-9474-1A3956D46DE8}") = "driven", "driven", "{FA5AF2B7-6212-4F86-8D0C-565F52C7B89B}"
EndProject
Project("{2150E333-8FDC-42A3-9474-1A3956D46DE8}") = "driver", "driver", "{6E5F9E02-02A1-46C9-810F-6C6C5301709D}"
EndProject
Project("{FAE04EC0-301F-11D3-BF4B-00C04F79EFBC}") = "Domain", "src\core\Domain\Domain.csproj", "{4E570546-1D85-4C2A-A757-63A8FA08AF67}"
EndProject
Project("{FAE04EC0-301F-11D3-BF4B-00C04F79EFBC}") = "Application", "src\core\Application\Application.csproj", "{9D050CAC-A6C1-42B6-AE6B-72C299AC75D8}"
EndProject
Project("{FAE04EC0-301F-11D3-BF4B-00C04F79EFBC}") = "Infra", "src\adapters\driven\Infra\Infra.csproj", "{7BCC8DE8-9E00-42C9-A91F-DCFFBAC40532}"
EndProject
Project("{FAE04EC0-301F-11D3-BF4B-00C04F79EFBC}") = "API", "src\adapters\driver\API\API.csproj", "{9CDEF306-9EE7-4AD4-95BA-B844D02F9935}"
EndProject
Project("{FAE04EC0-301F-11D3-BF4B-00C04F79EFBC}") = "Application.Tests", "tests\Application.Tests\Application.Tests.csproj", "{0B061B02-C94D-4CCE-AE3E-674C306B016C}"
EndProject
Project("{FAE04EC0-301F-11D3-BF4B-00C04F79EFBC}") = "Infra.Tests", "tests\Infra.Tests\Infra.Tests.csproj", "{B1F74FDB-023F-4435-BEBD-CC5EDA2D20FD}"
EndProject
Project("{FAE04EC0-301F-11D3-BF4B-00C04F79EFBC}") = "Domain.Tests", "tests\Domain.Tests\Domain.Tests.csproj", "{38309164-3096-4232-B103-0CEEB7910FE1}"
EndProject
Global
	GlobalSection(SolutionConfigurationPlatforms) = preSolution
		Debug|Any CPU = Debug|Any CPU
		Release|Any CPU = Release|Any CPU
	EndGlobalSection
	GlobalSection(SolutionProperties) = preSolution
		HideSolutionNode = FALSE
	EndGlobalSection
	GlobalSection(NestedProjects) = preSolution
		{A3DB1640-A240-4A8C-BD3C-331818CE3D1A} = {3FA65CF0-8DB8-4B24-B466-944467043364}
		{FA5AF2B7-6212-4F86-8D0C-565F52C7B89B} = {A3DB1640-A240-4A8C-BD3C-331818CE3D1A}
		{6E5F9E02-02A1-46C9-810F-6C6C5301709D} = {A3DB1640-A240-4A8C-BD3C-331818CE3D1A}
		{4E570546-1D85-4C2A-A757-63A8FA08AF67} = {61DF5222-C4DD-4B19-B0BC-0CFC46D6A08B}
		{9D050CAC-A6C1-42B6-AE6B-72C299AC75D8} = {61DF5222-C4DD-4B19-B0BC-0CFC46D6A08B}
		{7BCC8DE8-9E00-42C9-A91F-DCFFBAC40532} = {FA5AF2B7-6212-4F86-8D0C-565F52C7B89B}
		{9CDEF306-9EE7-4AD4-95BA-B844D02F9935} = {6E5F9E02-02A1-46C9-810F-6C6C5301709D}
		{0B061B02-C94D-4CCE-AE3E-674C306B016C} = {0654A2F4-73B5-49BA-BDBF-46E0546BE9C1}
		{B1F74FDB-023F-4435-BEBD-CC5EDA2D20FD} = {0654A2F4-73B5-49BA-BDBF-46E0546BE9C1}
		{38309164-3096-4232-B103-0CEEB7910FE1} = {0654A2F4-73B5-49BA-BDBF-46E0546BE9C1}
	EndGlobalSection
	GlobalSection(ProjectConfigurationPlatforms) = postSolution
		{4E570546-1D85-4C2A-A757-63A8FA08AF67}.Debug|Any CPU.ActiveCfg = Debug|Any CPU
		{4E570546-1D85-4C2A-A757-63A8FA08AF67}.Debug|Any CPU.Build.0 = Debug|Any CPU
		{4E570546-1D85-4C2A-A757-63A8FA08AF67}.Release|Any CPU.ActiveCfg = Release|Any CPU
		{4E570546-1D85-4C2A-A757-63A8FA08AF67}.Release|Any CPU.Build.0 = Release|Any CPU
		{9D050CAC-A6C1-42B6-AE6B-72C299AC75D8}.Debug|Any CPU.ActiveCfg = Debug|Any CPU
		{9D050CAC-A6C1-42B6-AE6B-72C299AC75D8}.Debug|Any CPU.Build.0 = Debug|Any CPU
		{9D050CAC-A6C1-42B6-AE6B-72C299AC75D8}.Release|Any CPU.ActiveCfg = Release|Any CPU
		{9D050CAC-A6C1-42B6-AE6B-72C299AC75D8}.Release|Any CPU.Build.0 = Release|Any CPU
		{7BCC8DE8-9E00-42C9-A91F-DCFFBAC40532}.Debug|Any CPU.ActiveCfg = Debug|Any CPU
		{7BCC8DE8-9E00-42C9-A91F-DCFFBAC40532}.Debug|Any CPU.Build.0 = Debug|Any CPU
		{7BCC8DE8-9E00-42C9-A91F-DCFFBAC40532}.Release|Any CPU.ActiveCfg = Release|Any CPU
		{7BCC8DE8-9E00-42C9-A91F-DCFFBAC40532}.Release|Any CPU.Build.0 = Release|Any CPU
		{9CDEF306-9EE7-4AD4-95BA-B844D02F9935}.Debug|Any CPU.ActiveCfg = Debug|Any CPU
		{9CDEF306-9EE7-4AD4-95BA-B844D02F9935}.Debug|Any CPU.Build.0 = Debug|Any CPU
		{9CDEF306-9EE7-4AD4-95BA-B844D02F9935}.Release|Any CPU.ActiveCfg = Release|Any CPU
		{9CDEF306-9EE7-4AD4-95BA-B844D02F9935}.Release|Any CPU.Build.0 = Release|Any CPU
		{0B061B02-C94D-4CCE-AE3E-674C306B016C}.Debug|Any CPU.ActiveCfg = Debug|Any CPU
		{0B061B02-C94D-4CCE-AE3E-674C306B016C}.Debug|Any CPU.Build.0 = Debug|Any CPU
		{0B061B02-C94D-4CCE-AE3E-674C306B016C}.Release|Any CPU.ActiveCfg = Release|Any CPU
		{0B061B02-C94D-4CCE-AE3E-674C306B016C}.Release|Any CPU.Build.0 = Release|Any CPU
		{B1F74FDB-023F-4435-BEBD-CC5EDA2D20FD}.Debug|Any CPU.ActiveCfg = Debug|Any CPU
		{B1F74FDB-023F-4435-BEBD-CC5EDA2D20FD}.Debug|Any CPU.Build.0 = Debug|Any CPU
		{B1F74FDB-023F-4435-BEBD-CC5EDA2D20FD}.Release|Any CPU.ActiveCfg = Release|Any CPU
		{B1F74FDB-023F-4435-BEBD-CC5EDA2D20FD}.Release|Any CPU.Build.0 = Release|Any CPU
		{38309164-3096-4232-B103-0CEEB7910FE1}.Debug|Any CPU.ActiveCfg = Debug|Any CPU
		{38309164-3096-4232-B103-0CEEB7910FE1}.Debug|Any CPU.Build.0 = Debug|Any CPU
		{38309164-3096-4232-B103-0CEEB7910FE1}.Release|Any CPU.ActiveCfg = Release|Any CPU
		{38309164-3096-4232-B103-0CEEB7910FE1}.Release|Any CPU.Build.0 = Release|Any CPU
	EndGlobalSection
EndGlobal
