
Microsoft Visual Studio Solution File, Format Version 12.00
# Visual Studio Version 17
VisualStudioVersion = 17.0.31903.59
MinimumVisualStudioVersion = 10.0.40219.1
Project("{2150E333-8FDC-42A3-9474-1A3956D46DE8}") = "src", "src", "{3FA65CF0-8DB8-4B24-B466-944467043364}"
EndProject
Project("{2150E333-8FDC-42A3-9474-1A3956D46DE8}") = "adapters", "adapters", "{A3DB1640-A240-4A8C-BD3C-331818CE3D1A}"
EndProject
Project("{2150E333-8FDC-42A3-9474-1A3956D46DE8}") = "core", "core", "{61DF5222-C4DD-4B19-B0BC-0CFC46D6A08B}"
EndProject
Project("{2150E333-8FDC-42A3-9474-1A3956D46DE8}") = "tests", "tests", "{0654A2F4-73B5-49BA-BDBF-46E0546BE9C1}"
EndProject
Project("{FAE04EC0-301F-11D3-BF4B-00C04F79EFBC}") = "Application", "Application\Application.csproj", "{426CA076-ADF0-4835-92FA-F41F4800B7A2}"
EndProject
Project("{FAE04EC0-301F-11D3-BF4B-00C04F79EFBC}") = "Domain", "Domain\Domain.csproj", "{0F260CF8-29FB-4B87-8472-3BB651433BE3}"
EndProject
Project("{FAE04EC0-301F-11D3-BF4B-00C04F79EFBC}") = "Infra", "Infra\Infra.csproj", "{36DF1D1B-5673-44B4-A9F6-CFE71265D523}"
EndProject
Project("{2150E333-8FDC-42A3-9474-1A3956D46DE8}") = "driven", "driven", "{FA5AF2B7-6212-4F86-8D0C-565F52C7B89B}"
EndProject
Project("{2150E333-8FDC-42A3-9474-1A3956D46DE8}") = "driver", "driver", "{6E5F9E02-02A1-46C9-810F-6C6C5301709D}"
EndProject
Project("{FAE04EC0-301F-11D3-BF4B-00C04F79EFBC}") = "Application.Tests", "Application.Tests\Application.Tests.csproj", "{6247004F-D703-436F-BB65-241F1EEB0458}"
EndProject
Project("{FAE04EC0-301F-11D3-BF4B-00C04F79EFBC}") = "Domain.Tests", "Domain.Tests\Domain.Tests.csproj", "{0FF75381-68D3-4EB7-BCE2-2D224BFE048F}"
EndProject
Project("{FAE04EC0-301F-11D3-BF4B-00C04F79EFBC}") = "API", "API\API.csproj", "{E25AD9BA-5D15-47EC-A9DE-72E3B1AE1B19}"
EndProject
Project("{FAE04EC0-301F-11D3-BF4B-00C04F79EFBC}") = "Infra.Tests", "Infra.Tests\Infra.Tests.csproj", "{29555BA0-87BB-4209-B890-E11BF45E0463}"
EndProject
Global
	GlobalSection(SolutionConfigurationPlatforms) = preSolution
		Debug|Any CPU = Debug|Any CPU
		Release|Any CPU = Release|Any CPU
	EndGlobalSection
	GlobalSection(SolutionProperties) = preSolution
		HideSolutionNode = FALSE
	EndGlobalSection
	GlobalSection(NestedProjects) = preSolution
		{A3DB1640-A240-4A8C-BD3C-331818CE3D1A} = {3FA65CF0-8DB8-4B24-B466-944467043364}
		{426CA076-ADF0-4835-92FA-F41F4800B7A2} = {3FA65CF0-8DB8-4B24-B466-944467043364}
		{0F260CF8-29FB-4B87-8472-3BB651433BE3} = {3FA65CF0-8DB8-4B24-B466-944467043364}
		{FA5AF2B7-6212-4F86-8D0C-565F52C7B89B} = {A3DB1640-A240-4A8C-BD3C-331818CE3D1A}
		{6E5F9E02-02A1-46C9-810F-6C6C5301709D} = {A3DB1640-A240-4A8C-BD3C-331818CE3D1A}
		{36DF1D1B-5673-44B4-A9F6-CFE71265D523} = {FA5AF2B7-6212-4F86-8D0C-565F52C7B89B}
		{6247004F-D703-436F-BB65-241F1EEB0458} = {0654A2F4-73B5-49BA-BDBF-46E0546BE9C1}
		{0FF75381-68D3-4EB7-BCE2-2D224BFE048F} = {0654A2F4-73B5-49BA-BDBF-46E0546BE9C1}
		{E25AD9BA-5D15-47EC-A9DE-72E3B1AE1B19} = {6E5F9E02-02A1-46C9-810F-6C6C5301709D}
		{29555BA0-87BB-4209-B890-E11BF45E0463} = {0654A2F4-73B5-49BA-BDBF-46E0546BE9C1}
	EndGlobalSection
	GlobalSection(ProjectConfigurationPlatforms) = postSolution
		{426CA076-ADF0-4835-92FA-F41F4800B7A2}.Debug|Any CPU.ActiveCfg = Debug|Any CPU
		{426CA076-ADF0-4835-92FA-F41F4800B7A2}.Debug|Any CPU.Build.0 = Debug|Any CPU
		{426CA076-ADF0-4835-92FA-F41F4800B7A2}.Release|Any CPU.ActiveCfg = Release|Any CPU
		{426CA076-ADF0-4835-92FA-F41F4800B7A2}.Release|Any CPU.Build.0 = Release|Any CPU
		{0F260CF8-29FB-4B87-8472-3BB651433BE3}.Debug|Any CPU.ActiveCfg = Debug|Any CPU
		{0F260CF8-29FB-4B87-8472-3BB651433BE3}.Debug|Any CPU.Build.0 = Debug|Any CPU
		{0F260CF8-29FB-4B87-8472-3BB651433BE3}.Release|Any CPU.ActiveCfg = Release|Any CPU
		{0F260CF8-29FB-4B87-8472-3BB651433BE3}.Release|Any CPU.Build.0 = Release|Any CPU
		{36DF1D1B-5673-44B4-A9F6-CFE71265D523}.Debug|Any CPU.ActiveCfg = Debug|Any CPU
		{36DF1D1B-5673-44B4-A9F6-CFE71265D523}.Debug|Any CPU.Build.0 = Debug|Any CPU
		{36DF1D1B-5673-44B4-A9F6-CFE71265D523}.Release|Any CPU.ActiveCfg = Release|Any CPU
		{36DF1D1B-5673-44B4-A9F6-CFE71265D523}.Release|Any CPU.Build.0 = Release|Any CPU
		{6247004F-D703-436F-BB65-241F1EEB0458}.Debug|Any CPU.ActiveCfg = Debug|Any CPU
		{6247004F-D703-436F-BB65-241F1EEB0458}.Debug|Any CPU.Build.0 = Debug|Any CPU
		{6247004F-D703-436F-BB65-241F1EEB0458}.Release|Any CPU.ActiveCfg = Release|Any CPU
		{6247004F-D703-436F-BB65-241F1EEB0458}.Release|Any CPU.Build.0 = Release|Any CPU
		{0FF75381-68D3-4EB7-BCE2-2D224BFE048F}.Debug|Any CPU.ActiveCfg = Debug|Any CPU
		{0FF75381-68D3-4EB7-BCE2-2D224BFE048F}.Debug|Any CPU.Build.0 = Debug|Any CPU
		{0FF75381-68D3-4EB7-BCE2-2D224BFE048F}.Release|Any CPU.ActiveCfg = Release|Any CPU
		{0FF75381-68D3-4EB7-BCE2-2D224BFE048F}.Release|Any CPU.Build.0 = Release|Any CPU
		{E25AD9BA-5D15-47EC-A9DE-72E3B1AE1B19}.Debug|Any CPU.ActiveCfg = Debug|Any CPU
		{E25AD9BA-5D15-47EC-A9DE-72E3B1AE1B19}.Debug|Any CPU.Build.0 = Debug|Any CPU
		{E25AD9BA-5D15-47EC-A9DE-72E3B1AE1B19}.Release|Any CPU.ActiveCfg = Release|Any CPU
		{E25AD9BA-5D15-47EC-A9DE-72E3B1AE1B19}.Release|Any CPU.Build.0 = Release|Any CPU
		{29555BA0-87BB-4209-B890-E11BF45E0463}.Debug|Any CPU.ActiveCfg = Debug|Any CPU
		{29555BA0-87BB-4209-B890-E11BF45E0463}.Debug|Any CPU.Build.0 = Debug|Any CPU
		{29555BA0-87BB-4209-B890-E11BF45E0463}.Release|Any CPU.ActiveCfg = Release|Any CPU
		{29555BA0-87BB-4209-B890-E11BF45E0463}.Release|Any CPU.Build.0 = Release|Any CPU
	EndGlobalSection
EndGlobal
